
Microsoft Visual Studio Solution File, Format Version 12.00
# Visual Studio 14
VisualStudioVersion = 14.0.23107.0
MinimumVisualStudioVersion = 10.0.40219.1
Project("{FAE04EC0-301F-11D3-BF4B-00C04F79EFBC}") = "Odes.Licence.Model", "Odes.Licence.Model\Odes.Licence.Model.csproj", "{0C438FDE-D5DE-4AF2-B4FC-57CD0ACD4C8D}"
EndProject
Project("{FAE04EC0-301F-11D3-BF4B-00C04F79EFBC}") = "ClickBox.Web", "ClickBox.Web\ClickBox.Web.csproj", "{AD7FCFD5-3FD8-4FC4-A382-3838040F44FD}"
EndProject
Project("{FAE04EC0-301F-11D3-BF4B-00C04F79EFBC}") = "Odes.License.Updater", "Odes.License.Updater\Odes.License.Updater.csproj", "{1EE69ADE-B190-4822-B648-ECB29C838B2A}"
EndProject
Project("{FAE04EC0-301F-11D3-BF4B-00C04F79EFBC}") = "ClickBox.Util", "ClickBox.Util\ClickBox.Util.csproj", "{BA7587E1-B6D8-4C24-A985-44DF1154B2FF}"
EndProject
Global
	GlobalSection(SolutionConfigurationPlatforms) = preSolution
		Debug|Any CPU = Debug|Any CPU
		Release|Any CPU = Release|Any CPU
	EndGlobalSection
	GlobalSection(ProjectConfigurationPlatforms) = postSolution
		{0C438FDE-D5DE-4AF2-B4FC-57CD0ACD4C8D}.Debug|Any CPU.ActiveCfg = Debug|Any CPU
		{0C438FDE-D5DE-4AF2-B4FC-57CD0ACD4C8D}.Debug|Any CPU.Build.0 = Debug|Any CPU
		{0C438FDE-D5DE-4AF2-B4FC-57CD0ACD4C8D}.Release|Any CPU.ActiveCfg = Release|Any CPU
		{0C438FDE-D5DE-4AF2-B4FC-57CD0ACD4C8D}.Release|Any CPU.Build.0 = Release|Any CPU
		{AD7FCFD5-3FD8-4FC4-A382-3838040F44FD}.Debug|Any CPU.ActiveCfg = Debug|Any CPU
		{AD7FCFD5-3FD8-4FC4-A382-3838040F44FD}.Debug|Any CPU.Build.0 = Debug|Any CPU
		{AD7FCFD5-3FD8-4FC4-A382-3838040F44FD}.Release|Any CPU.ActiveCfg = Release|Any CPU
		{AD7FCFD5-3FD8-4FC4-A382-3838040F44FD}.Release|Any CPU.Build.0 = Release|Any CPU
		{1EE69ADE-B190-4822-B648-ECB29C838B2A}.Debug|Any CPU.ActiveCfg = Debug|Any CPU
		{1EE69ADE-B190-4822-B648-ECB29C838B2A}.Debug|Any CPU.Build.0 = Debug|Any CPU
		{1EE69ADE-B190-4822-B648-ECB29C838B2A}.Release|Any CPU.ActiveCfg = Release|Any CPU
		{1EE69ADE-B190-4822-B648-ECB29C838B2A}.Release|Any CPU.Build.0 = Release|Any CPU
		{BA7587E1-B6D8-4C24-A985-44DF1154B2FF}.Debug|Any CPU.ActiveCfg = Debug|Any CPU
		{BA7587E1-B6D8-4C24-A985-44DF1154B2FF}.Debug|Any CPU.Build.0 = Debug|Any CPU
		{BA7587E1-B6D8-4C24-A985-44DF1154B2FF}.Release|Any CPU.ActiveCfg = Release|Any CPU
		{BA7587E1-B6D8-4C24-A985-44DF1154B2FF}.Release|Any CPU.Build.0 = Release|Any CPU
	EndGlobalSection
	GlobalSection(SolutionProperties) = preSolution
		HideSolutionNode = FALSE
	EndGlobalSection
EndGlobal
