
Microsoft Visual Studio Solution File, Format Version 12.00
# Visual Studio 2013
VisualStudioVersion = 12.0.30110.0
MinimumVisualStudioVersion = 10.0.40219.1
Project("{FAE04EC0-301F-11D3-BF4B-00C04F79EFBC}") = "Odes.Licence.Accept", "Odes.Licence.Acceptor\Odes.Licence.Accept.csproj", "{145B5A26-B292-46DC-904F-78398BA65D21}"
EndProject
Project("{FAE04EC0-301F-11D3-BF4B-00C04F79EFBC}") = "Odes.Licence.Request", "Odes.Licence.Requestor\Odes.Licence.Request.csproj", "{C424842F-6162-4F01-B2F6-E0D407CF94E1}"
EndProject
Project("{FAE04EC0-301F-11D3-BF4B-00C04F79EFBC}") = "Odes.Licence.Model", "Odes.Licence.Model\Odes.Licence.Model.csproj", "{0C438FDE-D5DE-4AF2-B4FC-57CD0ACD4C8D}"
EndProject
Project("{FAE04EC0-301F-11D3-BF4B-00C04F79EFBC}") = "ClickBox.Web", "ClickBox.Web\ClickBox.Web.csproj", "{AD7FCFD5-3FD8-4FC4-A382-3838040F44FD}"
EndProject
Project("{FAE04EC0-301F-11D3-BF4B-00C04F79EFBC}") = "Odes.License.Updater", "Odes.License.Updater\Odes.License.Updater.csproj", "{1EE69ADE-B190-4822-B648-ECB29C838B2A}"
EndProject
Project("{FAE04EC0-301F-11D3-BF4B-00C04F79EFBC}") = "Odes.License.TestHarness", "Odes.License.TestHarness\Odes.License.TestHarness.csproj", "{19D27333-4637-4157-86B3-753A0FCBFFEF}"
EndProject
Global
	GlobalSection(SolutionConfigurationPlatforms) = preSolution
		Debug|Any CPU = Debug|Any CPU
		Release|Any CPU = Release|Any CPU
	EndGlobalSection
	GlobalSection(ProjectConfigurationPlatforms) = postSolution
		{145B5A26-B292-46DC-904F-78398BA65D21}.Debug|Any CPU.ActiveCfg = Debug|Any CPU
		{145B5A26-B292-46DC-904F-78398BA65D21}.Debug|Any CPU.Build.0 = Debug|Any CPU
		{145B5A26-B292-46DC-904F-78398BA65D21}.Release|Any CPU.ActiveCfg = Release|Any CPU
		{145B5A26-B292-46DC-904F-78398BA65D21}.Release|Any CPU.Build.0 = Release|Any CPU
		{C424842F-6162-4F01-B2F6-E0D407CF94E1}.Debug|Any CPU.ActiveCfg = Debug|Any CPU
		{C424842F-6162-4F01-B2F6-E0D407CF94E1}.Debug|Any CPU.Build.0 = Debug|Any CPU
		{C424842F-6162-4F01-B2F6-E0D407CF94E1}.Release|Any CPU.ActiveCfg = Release|Any CPU
		{C424842F-6162-4F01-B2F6-E0D407CF94E1}.Release|Any CPU.Build.0 = Release|Any CPU
		{0C438FDE-D5DE-4AF2-B4FC-57CD0ACD4C8D}.Debug|Any CPU.ActiveCfg = Debug|Any CPU
		{0C438FDE-D5DE-4AF2-B4FC-57CD0ACD4C8D}.Debug|Any CPU.Build.0 = Debug|Any CPU
		{0C438FDE-D5DE-4AF2-B4FC-57CD0ACD4C8D}.Release|Any CPU.ActiveCfg = Release|Any CPU
		{0C438FDE-D5DE-4AF2-B4FC-57CD0ACD4C8D}.Release|Any CPU.Build.0 = Release|Any CPU
		{AD7FCFD5-3FD8-4FC4-A382-3838040F44FD}.Debug|Any CPU.ActiveCfg = Debug|Any CPU
		{AD7FCFD5-3FD8-4FC4-A382-3838040F44FD}.Debug|Any CPU.Build.0 = Debug|Any CPU
		{AD7FCFD5-3FD8-4FC4-A382-3838040F44FD}.Release|Any CPU.ActiveCfg = Release|Any CPU
		{AD7FCFD5-3FD8-4FC4-A382-3838040F44FD}.Release|Any CPU.Build.0 = Release|Any CPU
		{1EE69ADE-B190-4822-B648-ECB29C838B2A}.Debug|Any CPU.ActiveCfg = Debug|Any CPU
		{1EE69ADE-B190-4822-B648-ECB29C838B2A}.Debug|Any CPU.Build.0 = Debug|Any CPU
		{1EE69ADE-B190-4822-B648-ECB29C838B2A}.Release|Any CPU.ActiveCfg = Release|Any CPU
		{1EE69ADE-B190-4822-B648-ECB29C838B2A}.Release|Any CPU.Build.0 = Release|Any CPU
		{19D27333-4637-4157-86B3-753A0FCBFFEF}.Debug|Any CPU.ActiveCfg = Debug|Any CPU
		{19D27333-4637-4157-86B3-753A0FCBFFEF}.Debug|Any CPU.Build.0 = Debug|Any CPU
		{19D27333-4637-4157-86B3-753A0FCBFFEF}.Release|Any CPU.ActiveCfg = Release|Any CPU
		{19D27333-4637-4157-86B3-753A0FCBFFEF}.Release|Any CPU.Build.0 = Release|Any CPU
	EndGlobalSection
	GlobalSection(SolutionProperties) = preSolution
		HideSolutionNode = FALSE
	EndGlobalSection
EndGlobal
