
Microsoft Visual Studio Solution File, Format Version 12.00
# Visual Studio 14
VisualStudioVersion = 14.0.25420.1
MinimumVisualStudioVersion = 10.0.40219.1
Project("{FAE04EC0-301F-11D3-BF4B-00C04F79EFBC}") = "Odes.Licence.Model", "Odes.Licence.Model\Odes.Licence.Model.csproj", "{0C438FDE-D5DE-4AF2-B4FC-57CD0ACD4C8D}"
EndProject
Project("{FAE04EC0-301F-11D3-BF4B-00C04F79EFBC}") = "ClickBox.Web", "ClickBox.Web\ClickBox.Web.csproj", "{AD7FCFD5-3FD8-4FC4-A382-3838040F44FD}"
EndProject
Project("{FAE04EC0-301F-11D3-BF4B-00C04F79EFBC}") = "Odes.License.Updater", "Odes.License.Updater\Odes.License.Updater.csproj", "{1EE69ADE-B190-4822-B648-ECB29C838B2A}"
EndProject
Project("{FAE04EC0-301F-11D3-BF4B-00C04F79EFBC}") = "ClickBox.Util", "ClickBox.Util\ClickBox.Util.csproj", "{BA7587E1-B6D8-4C24-A985-44DF1154B2FF}"
EndProject
Project("{FAE04EC0-301F-11D3-BF4B-00C04F79EFBC}") = "ClickBoxCreateAccountsWebJob", "ClickBox.CreateAccountsWebJob\ClickBoxCreateAccountsWebJob.csproj", "{B04A1EB9-2AC0-4507-ACD6-6F2406D0D20D}"
EndProject
Project("{FAE04EC0-301F-11D3-BF4B-00C04F79EFBC}") = "ClickBox.Messages", "ClickBox.Messages\ClickBox.Messages.csproj", "{104FC3F3-A9A3-4765-AAF9-732A1170A0D0}"
EndProject
Project("{FAE04EC0-301F-11D3-BF4B-00C04F79EFBC}") = "ClickBox.Email", "ClickBox.Email\ClickBox.Email.csproj", "{70C1A3EB-9451-4CCE-9A06-A1465F50BCCC}"
EndProject
Project("{2150E333-8FDC-42A3-9474-1A3956D46DE8}") = "ClickBox.Linqpad.Reports", "ClickBox.Linqpad.Reports", "{964860EA-16ED-4B68-81E5-37655603CDA0}"
	ProjectSection(SolutionItems) = preProject
		ClickBox.Linqpad.Reports\mark1.linq = ClickBox.Linqpad.Reports\mark1.linq
		ClickBox.Linqpad.Reports\mark2.linq = ClickBox.Linqpad.Reports\mark2.linq
		ClickBox.Linqpad.Reports\prototype ui reporting.linq = ClickBox.Linqpad.Reports\prototype ui reporting.linq
	EndProjectSection
EndProject
Project("{2150E333-8FDC-42A3-9474-1A3956D46DE8}") = "Monthly", "Monthly", "{2CF13478-D24A-45B8-BC2C-3019FB27496F}"
	ProjectSection(SolutionItems) = preProject
		ClickBox.Linqpad.Reports\Monthly\batches isolated today.linq = ClickBox.Linqpad.Reports\Monthly\batches isolated today.linq
		ClickBox.Linqpad.Reports\Monthly\monthly batches isolated today.linq = ClickBox.Linqpad.Reports\Monthly\monthly batches isolated today.linq
		ClickBox.Linqpad.Reports\Monthly\query run for efile.linq = ClickBox.Linqpad.Reports\Monthly\query run for efile.linq
		ClickBox.Linqpad.Reports\Monthly\query run for icourts.linq = ClickBox.Linqpad.Reports\Monthly\query run for icourts.linq
	EndProjectSection
EndProject
Project("{2150E333-8FDC-42A3-9474-1A3956D46DE8}") = "Scatchpad", "Scatchpad", "{89C2166C-F9F9-4DE2-85F9-B8AF1C979C3A}"
	ProjectSection(SolutionItems) = preProject
		ClickBox.Linqpad.Reports\Scratchpad\Clean up Dev Storage for Click Count (dev helper).linq = ClickBox.Linqpad.Reports\Scratchpad\Clean up Dev Storage for Click Count (dev helper).linq
		ClickBox.Linqpad.Reports\Scratchpad\ClickBox Montly Report Design 1.linq = ClickBox.Linqpad.Reports\Scratchpad\ClickBox Montly Report Design 1.linq
		ClickBox.Linqpad.Reports\Scratchpad\Todays Docs.linq = ClickBox.Linqpad.Reports\Scratchpad\Todays Docs.linq
	EndProjectSection
EndProject
Project("{FAE04EC0-301F-11D3-BF4B-00C04F79EFBC}") = "ClickBoxOdesClickCountReports", "ClickBoxOdesClickCountReports\ClickBoxOdesClickCountReports.csproj", "{AEE500D5-3634-44D7-AF45-648F2435625D}"
EndProject
Global
	GlobalSection(SolutionConfigurationPlatforms) = preSolution
		Debug|Any CPU = Debug|Any CPU
		Release|Any CPU = Release|Any CPU
	EndGlobalSection
	GlobalSection(ProjectConfigurationPlatforms) = postSolution
		{0C438FDE-D5DE-4AF2-B4FC-57CD0ACD4C8D}.Debug|Any CPU.ActiveCfg = Debug|Any CPU
		{0C438FDE-D5DE-4AF2-B4FC-57CD0ACD4C8D}.Debug|Any CPU.Build.0 = Debug|Any CPU
		{0C438FDE-D5DE-4AF2-B4FC-57CD0ACD4C8D}.Release|Any CPU.ActiveCfg = Release|Any CPU
		{0C438FDE-D5DE-4AF2-B4FC-57CD0ACD4C8D}.Release|Any CPU.Build.0 = Release|Any CPU
		{AD7FCFD5-3FD8-4FC4-A382-3838040F44FD}.Debug|Any CPU.ActiveCfg = Debug|Any CPU
		{AD7FCFD5-3FD8-4FC4-A382-3838040F44FD}.Debug|Any CPU.Build.0 = Debug|Any CPU
		{AD7FCFD5-3FD8-4FC4-A382-3838040F44FD}.Release|Any CPU.ActiveCfg = Release|Any CPU
		{AD7FCFD5-3FD8-4FC4-A382-3838040F44FD}.Release|Any CPU.Build.0 = Release|Any CPU
		{1EE69ADE-B190-4822-B648-ECB29C838B2A}.Debug|Any CPU.ActiveCfg = Debug|Any CPU
		{1EE69ADE-B190-4822-B648-ECB29C838B2A}.Debug|Any CPU.Build.0 = Debug|Any CPU
		{1EE69ADE-B190-4822-B648-ECB29C838B2A}.Release|Any CPU.ActiveCfg = Release|Any CPU
		{1EE69ADE-B190-4822-B648-ECB29C838B2A}.Release|Any CPU.Build.0 = Release|Any CPU
		{BA7587E1-B6D8-4C24-A985-44DF1154B2FF}.Debug|Any CPU.ActiveCfg = Debug|Any CPU
		{BA7587E1-B6D8-4C24-A985-44DF1154B2FF}.Debug|Any CPU.Build.0 = Debug|Any CPU
		{BA7587E1-B6D8-4C24-A985-44DF1154B2FF}.Release|Any CPU.ActiveCfg = Release|Any CPU
		{BA7587E1-B6D8-4C24-A985-44DF1154B2FF}.Release|Any CPU.Build.0 = Release|Any CPU
		{B04A1EB9-2AC0-4507-ACD6-6F2406D0D20D}.Debug|Any CPU.ActiveCfg = Debug|Any CPU
		{B04A1EB9-2AC0-4507-ACD6-6F2406D0D20D}.Debug|Any CPU.Build.0 = Debug|Any CPU
		{B04A1EB9-2AC0-4507-ACD6-6F2406D0D20D}.Release|Any CPU.ActiveCfg = Release|Any CPU
		{B04A1EB9-2AC0-4507-ACD6-6F2406D0D20D}.Release|Any CPU.Build.0 = Release|Any CPU
		{104FC3F3-A9A3-4765-AAF9-732A1170A0D0}.Debug|Any CPU.ActiveCfg = Debug|Any CPU
		{104FC3F3-A9A3-4765-AAF9-732A1170A0D0}.Debug|Any CPU.Build.0 = Debug|Any CPU
		{104FC3F3-A9A3-4765-AAF9-732A1170A0D0}.Release|Any CPU.ActiveCfg = Release|Any CPU
		{104FC3F3-A9A3-4765-AAF9-732A1170A0D0}.Release|Any CPU.Build.0 = Release|Any CPU
		{70C1A3EB-9451-4CCE-9A06-A1465F50BCCC}.Debug|Any CPU.ActiveCfg = Debug|Any CPU
		{70C1A3EB-9451-4CCE-9A06-A1465F50BCCC}.Debug|Any CPU.Build.0 = Debug|Any CPU
		{70C1A3EB-9451-4CCE-9A06-A1465F50BCCC}.Release|Any CPU.ActiveCfg = Release|Any CPU
		{70C1A3EB-9451-4CCE-9A06-A1465F50BCCC}.Release|Any CPU.Build.0 = Release|Any CPU
		{AEE500D5-3634-44D7-AF45-648F2435625D}.Debug|Any CPU.ActiveCfg = Debug|Any CPU
		{AEE500D5-3634-44D7-AF45-648F2435625D}.Debug|Any CPU.Build.0 = Debug|Any CPU
		{AEE500D5-3634-44D7-AF45-648F2435625D}.Release|Any CPU.ActiveCfg = Release|Any CPU
		{AEE500D5-3634-44D7-AF45-648F2435625D}.Release|Any CPU.Build.0 = Release|Any CPU
	EndGlobalSection
	GlobalSection(SolutionProperties) = preSolution
		HideSolutionNode = FALSE
	EndGlobalSection
	GlobalSection(NestedProjects) = preSolution
		{2CF13478-D24A-45B8-BC2C-3019FB27496F} = {964860EA-16ED-4B68-81E5-37655603CDA0}
		{89C2166C-F9F9-4DE2-85F9-B8AF1C979C3A} = {964860EA-16ED-4B68-81E5-37655603CDA0}
	EndGlobalSection
EndGlobal
